
Microsoft Visual Studio Solution File, Format Version 12.00
# Visual Studio Version 16
VisualStudioVersion = 16.0.31424.327
MinimumVisualStudioVersion = 10.0.40219.1
Project("{8BC9CEB8-8B4A-11D0-8D11-00A0C91BC942}") = "Ex1", "Ex1\Ex1.vcxproj", "{1009BF10-BBDD-4447-888E-621845443AC4}"
EndProject
Project("{8BC9CEB8-8B4A-11D0-8D11-00A0C91BC942}") = "Ex2", "Ex2\Ex2.vcxproj", "{964875E3-35EC-4DED-9A7A-F5FCC49133DD}"
EndProject
Project("{8BC9CEB8-8B4A-11D0-8D11-00A0C91BC942}") = "Ex3", "Ex3\Ex3.vcxproj", "{B097D619-A55B-4948-8778-5CFEBAE31644}"
EndProject
Project("{8BC9CEB8-8B4A-11D0-8D11-00A0C91BC942}") = "Ex4", "Ex4\Ex4.vcxproj", "{7A34618E-07C5-403B-9DC9-2D2B929E3F60}"
EndProject
Project("{8BC9CEB8-8B4A-11D0-8D11-00A0C91BC942}") = "Ex5", "Ex5\Ex5.vcxproj", "{F3B07E9C-B5BB-4D16-8203-06CA2651E1D9}"
EndProject
Project("{8BC9CEB8-8B4A-11D0-8D11-00A0C91BC942}") = "Ex6", "Ex6\Ex6.vcxproj", "{6CE3A0A1-37C6-4DFC-A5CE-6FBA2335E85F}"
EndProject
Project("{8BC9CEB8-8B4A-11D0-8D11-00A0C91BC942}") = "Ex7", "Ex7\Ex7.vcxproj", "{EE58E561-2935-478F-8E7D-518862040268}"
EndProject
Project("{8BC9CEB8-8B4A-11D0-8D11-00A0C91BC942}") = "Ex8", "Ex8\Ex8.vcxproj", "{2355BBF3-8B30-402E-9870-B6399C9CA029}"
EndProject
Project("{8BC9CEB8-8B4A-11D0-8D11-00A0C91BC942}") = "Ex9", "Ex9\Ex9.vcxproj", "{32C7D733-382C-4040-9B6F-FA065BE78F74}"
EndProject
Project("{8BC9CEB8-8B4A-11D0-8D11-00A0C91BC942}") = "Ex10", "Ex10\Ex10.vcxproj", "{FD1DA064-E070-4D6A-8066-98843F17CA96}"
EndProject
Project("{8BC9CEB8-8B4A-11D0-8D11-00A0C91BC942}") = "Ex11", "Ex11\Ex11.vcxproj", "{B22C746D-A553-4578-B14A-100C647EAB55}"
EndProject
Global
	GlobalSection(SolutionConfigurationPlatforms) = preSolution
		Debug|x64 = Debug|x64
		Debug|x86 = Debug|x86
		Release|x64 = Release|x64
		Release|x86 = Release|x86
	EndGlobalSection
	GlobalSection(ProjectConfigurationPlatforms) = postSolution
		{1009BF10-BBDD-4447-888E-621845443AC4}.Debug|x64.ActiveCfg = Debug|x64
		{1009BF10-BBDD-4447-888E-621845443AC4}.Debug|x64.Build.0 = Debug|x64
		{1009BF10-BBDD-4447-888E-621845443AC4}.Debug|x86.ActiveCfg = Debug|Win32
		{1009BF10-BBDD-4447-888E-621845443AC4}.Debug|x86.Build.0 = Debug|Win32
		{1009BF10-BBDD-4447-888E-621845443AC4}.Release|x64.ActiveCfg = Release|x64
		{1009BF10-BBDD-4447-888E-621845443AC4}.Release|x64.Build.0 = Release|x64
		{1009BF10-BBDD-4447-888E-621845443AC4}.Release|x86.ActiveCfg = Release|Win32
		{1009BF10-BBDD-4447-888E-621845443AC4}.Release|x86.Build.0 = Release|Win32
		{964875E3-35EC-4DED-9A7A-F5FCC49133DD}.Debug|x64.ActiveCfg = Debug|x64
		{964875E3-35EC-4DED-9A7A-F5FCC49133DD}.Debug|x64.Build.0 = Debug|x64
		{964875E3-35EC-4DED-9A7A-F5FCC49133DD}.Debug|x86.ActiveCfg = Debug|Win32
		{964875E3-35EC-4DED-9A7A-F5FCC49133DD}.Debug|x86.Build.0 = Debug|Win32
		{964875E3-35EC-4DED-9A7A-F5FCC49133DD}.Release|x64.ActiveCfg = Release|x64
		{964875E3-35EC-4DED-9A7A-F5FCC49133DD}.Release|x64.Build.0 = Release|x64
		{964875E3-35EC-4DED-9A7A-F5FCC49133DD}.Release|x86.ActiveCfg = Release|Win32
		{964875E3-35EC-4DED-9A7A-F5FCC49133DD}.Release|x86.Build.0 = Release|Win32
		{B097D619-A55B-4948-8778-5CFEBAE31644}.Debug|x64.ActiveCfg = Debug|x64
		{B097D619-A55B-4948-8778-5CFEBAE31644}.Debug|x64.Build.0 = Debug|x64
		{B097D619-A55B-4948-8778-5CFEBAE31644}.Debug|x86.ActiveCfg = Debug|Win32
		{B097D619-A55B-4948-8778-5CFEBAE31644}.Debug|x86.Build.0 = Debug|Win32
		{B097D619-A55B-4948-8778-5CFEBAE31644}.Release|x64.ActiveCfg = Release|x64
		{B097D619-A55B-4948-8778-5CFEBAE31644}.Release|x64.Build.0 = Release|x64
		{B097D619-A55B-4948-8778-5CFEBAE31644}.Release|x86.ActiveCfg = Release|Win32
		{B097D619-A55B-4948-8778-5CFEBAE31644}.Release|x86.Build.0 = Release|Win32
		{7A34618E-07C5-403B-9DC9-2D2B929E3F60}.Debug|x64.ActiveCfg = Debug|x64
		{7A34618E-07C5-403B-9DC9-2D2B929E3F60}.Debug|x64.Build.0 = Debug|x64
		{7A34618E-07C5-403B-9DC9-2D2B929E3F60}.Debug|x86.ActiveCfg = Debug|Win32
		{7A34618E-07C5-403B-9DC9-2D2B929E3F60}.Debug|x86.Build.0 = Debug|Win32
		{7A34618E-07C5-403B-9DC9-2D2B929E3F60}.Release|x64.ActiveCfg = Release|x64
		{7A34618E-07C5-403B-9DC9-2D2B929E3F60}.Release|x64.Build.0 = Release|x64
		{7A34618E-07C5-403B-9DC9-2D2B929E3F60}.Release|x86.ActiveCfg = Release|Win32
		{7A34618E-07C5-403B-9DC9-2D2B929E3F60}.Release|x86.Build.0 = Release|Win32
		{F3B07E9C-B5BB-4D16-8203-06CA2651E1D9}.Debug|x64.ActiveCfg = Debug|x64
		{F3B07E9C-B5BB-4D16-8203-06CA2651E1D9}.Debug|x64.Build.0 = Debug|x64
		{F3B07E9C-B5BB-4D16-8203-06CA2651E1D9}.Debug|x86.ActiveCfg = Debug|Win32
		{F3B07E9C-B5BB-4D16-8203-06CA2651E1D9}.Debug|x86.Build.0 = Debug|Win32
		{F3B07E9C-B5BB-4D16-8203-06CA2651E1D9}.Release|x64.ActiveCfg = Release|x64
		{F3B07E9C-B5BB-4D16-8203-06CA2651E1D9}.Release|x64.Build.0 = Release|x64
		{F3B07E9C-B5BB-4D16-8203-06CA2651E1D9}.Release|x86.ActiveCfg = Release|Win32
		{F3B07E9C-B5BB-4D16-8203-06CA2651E1D9}.Release|x86.Build.0 = Release|Win32
		{6CE3A0A1-37C6-4DFC-A5CE-6FBA2335E85F}.Debug|x64.ActiveCfg = Debug|x64
		{6CE3A0A1-37C6-4DFC-A5CE-6FBA2335E85F}.Debug|x64.Build.0 = Debug|x64
		{6CE3A0A1-37C6-4DFC-A5CE-6FBA2335E85F}.Debug|x86.ActiveCfg = Debug|Win32
		{6CE3A0A1-37C6-4DFC-A5CE-6FBA2335E85F}.Debug|x86.Build.0 = Debug|Win32
		{6CE3A0A1-37C6-4DFC-A5CE-6FBA2335E85F}.Release|x64.ActiveCfg = Release|x64
		{6CE3A0A1-37C6-4DFC-A5CE-6FBA2335E85F}.Release|x64.Build.0 = Release|x64
		{6CE3A0A1-37C6-4DFC-A5CE-6FBA2335E85F}.Release|x86.ActiveCfg = Release|Win32
		{6CE3A0A1-37C6-4DFC-A5CE-6FBA2335E85F}.Release|x86.Build.0 = Release|Win32
		{EE58E561-2935-478F-8E7D-518862040268}.Debug|x64.ActiveCfg = Debug|x64
		{EE58E561-2935-478F-8E7D-518862040268}.Debug|x64.Build.0 = Debug|x64
		{EE58E561-2935-478F-8E7D-518862040268}.Debug|x86.ActiveCfg = Debug|Win32
		{EE58E561-2935-478F-8E7D-518862040268}.Debug|x86.Build.0 = Debug|Win32
		{EE58E561-2935-478F-8E7D-518862040268}.Release|x64.ActiveCfg = Release|x64
		{EE58E561-2935-478F-8E7D-518862040268}.Release|x64.Build.0 = Release|x64
		{EE58E561-2935-478F-8E7D-518862040268}.Release|x86.ActiveCfg = Release|Win32
		{EE58E561-2935-478F-8E7D-518862040268}.Release|x86.Build.0 = Release|Win32
		{2355BBF3-8B30-402E-9870-B6399C9CA029}.Debug|x64.ActiveCfg = Debug|x64
		{2355BBF3-8B30-402E-9870-B6399C9CA029}.Debug|x64.Build.0 = Debug|x64
		{2355BBF3-8B30-402E-9870-B6399C9CA029}.Debug|x86.ActiveCfg = Debug|Win32
		{2355BBF3-8B30-402E-9870-B6399C9CA029}.Debug|x86.Build.0 = Debug|Win32
		{2355BBF3-8B30-402E-9870-B6399C9CA029}.Release|x64.ActiveCfg = Release|x64
		{2355BBF3-8B30-402E-9870-B6399C9CA029}.Release|x64.Build.0 = Release|x64
		{2355BBF3-8B30-402E-9870-B6399C9CA029}.Release|x86.ActiveCfg = Release|Win32
		{2355BBF3-8B30-402E-9870-B6399C9CA029}.Release|x86.Build.0 = Release|Win32
		{32C7D733-382C-4040-9B6F-FA065BE78F74}.Debug|x64.ActiveCfg = Debug|x64
		{32C7D733-382C-4040-9B6F-FA065BE78F74}.Debug|x64.Build.0 = Debug|x64
		{32C7D733-382C-4040-9B6F-FA065BE78F74}.Debug|x86.ActiveCfg = Debug|Win32
		{32C7D733-382C-4040-9B6F-FA065BE78F74}.Debug|x86.Build.0 = Debug|Win32
		{32C7D733-382C-4040-9B6F-FA065BE78F74}.Release|x64.ActiveCfg = Release|x64
		{32C7D733-382C-4040-9B6F-FA065BE78F74}.Release|x64.Build.0 = Release|x64
		{32C7D733-382C-4040-9B6F-FA065BE78F74}.Release|x86.ActiveCfg = Release|Win32
		{32C7D733-382C-4040-9B6F-FA065BE78F74}.Release|x86.Build.0 = Release|Win32
		{FD1DA064-E070-4D6A-8066-98843F17CA96}.Debug|x64.ActiveCfg = Debug|x64
		{FD1DA064-E070-4D6A-8066-98843F17CA96}.Debug|x64.Build.0 = Debug|x64
		{FD1DA064-E070-4D6A-8066-98843F17CA96}.Debug|x86.ActiveCfg = Debug|Win32
		{FD1DA064-E070-4D6A-8066-98843F17CA96}.Debug|x86.Build.0 = Debug|Win32
		{FD1DA064-E070-4D6A-8066-98843F17CA96}.Release|x64.ActiveCfg = Release|x64
		{FD1DA064-E070-4D6A-8066-98843F17CA96}.Release|x64.Build.0 = Release|x64
		{FD1DA064-E070-4D6A-8066-98843F17CA96}.Release|x86.ActiveCfg = Release|Win32
		{FD1DA064-E070-4D6A-8066-98843F17CA96}.Release|x86.Build.0 = Release|Win32
		{B22C746D-A553-4578-B14A-100C647EAB55}.Debug|x64.ActiveCfg = Debug|x64
		{B22C746D-A553-4578-B14A-100C647EAB55}.Debug|x64.Build.0 = Debug|x64
		{B22C746D-A553-4578-B14A-100C647EAB55}.Debug|x86.ActiveCfg = Debug|Win32
		{B22C746D-A553-4578-B14A-100C647EAB55}.Debug|x86.Build.0 = Debug|Win32
		{B22C746D-A553-4578-B14A-100C647EAB55}.Release|x64.ActiveCfg = Release|x64
		{B22C746D-A553-4578-B14A-100C647EAB55}.Release|x64.Build.0 = Release|x64
		{B22C746D-A553-4578-B14A-100C647EAB55}.Release|x86.ActiveCfg = Release|Win32
		{B22C746D-A553-4578-B14A-100C647EAB55}.Release|x86.Build.0 = Release|Win32
	EndGlobalSection
	GlobalSection(SolutionProperties) = preSolution
		HideSolutionNode = FALSE
	EndGlobalSection
	GlobalSection(ExtensibilityGlobals) = postSolution
		SolutionGuid = {6D471B71-31FD-4CCE-8DE9-9237F31A4CDD}
	EndGlobalSection
EndGlobal
