
Microsoft Visual Studio Solution File, Format Version 12.00
# Visual Studio Version 16
VisualStudioVersion = 16.0.31424.327
MinimumVisualStudioVersion = 10.0.40219.1
Project("{8BC9CEB8-8B4A-11D0-8D11-00A0C91BC942}") = "Swap_2_integers", "Swap_2_integers\Swap_2_integers.vcxproj", "{55511EE4-42D5-4FB6-ACB9-7200AFA6DB69}"
EndProject
Project("{8BC9CEB8-8B4A-11D0-8D11-00A0C91BC942}") = "Sum_2_integers", "Sum_2_integers\Sum_2_integers.vcxproj", "{4284CDC4-C1C8-41CF-AD8B-881ACD352563}"
EndProject
Project("{8BC9CEB8-8B4A-11D0-8D11-00A0C91BC942}") = "Input_array", "Input_array\Input_array.vcxproj", "{82FF86DA-9EDB-47C5-87E8-3C56E74161CB}"
EndProject
Project("{8BC9CEB8-8B4A-11D0-8D11-00A0C91BC942}") = "findMax", "findMax\findMax.vcxproj", "{6825B8EB-B452-4487-8631-A87F5EC2EB72}"
EndProject
Project("{8BC9CEB8-8B4A-11D0-8D11-00A0C91BC942}") = "findLongestAscendingSubarray", "findLongestAscendingSubarray\findLongestAscendingSubarray.vcxproj", "{1DF04E3E-EB50-4851-85C7-28E6A7BBA226}"
EndProject
Project("{8BC9CEB8-8B4A-11D0-8D11-00A0C91BC942}") = "swapArrays", "swapArrays\swapArrays.vcxproj", "{B139F261-64E8-4DF0-97A4-841708A12952}"
EndProject
Project("{8BC9CEB8-8B4A-11D0-8D11-00A0C91BC942}") = "Concatenate_2_Arrays", "Concatenate_2_Arrays\Concatenate_2_Arrays.vcxproj", "{A4E243E6-A26B-4AFB-B03F-499C0803017B}"
EndProject
Project("{8BC9CEB8-8B4A-11D0-8D11-00A0C91BC942}") = "Merge_2_Arrays", "Merge_2_Arrays\Merge_2_Arrays.vcxproj", "{1FE800E8-36A2-41AA-8342-975F36B94A41}"
EndProject
Project("{8BC9CEB8-8B4A-11D0-8D11-00A0C91BC942}") = "GenerateMatrix1", "GenerateMatrix1\GenerateMatrix1.vcxproj", "{1654F238-F85C-44BA-BF27-D90FD56DDAB0}"
EndProject
Project("{8BC9CEB8-8B4A-11D0-8D11-00A0C91BC942}") = "GenerateMatrix2", "GenerateMatrix2\GenerateMatrix2.vcxproj", "{E19C2A1E-FCD1-4411-8F1D-C842304C6420}"
EndProject
Project("{8BC9CEB8-8B4A-11D0-8D11-00A0C91BC942}") = "Swap_Columns_Rows", "Swap_Columns_Rows\Swap_Columns_Rows.vcxproj", "{B1790583-4F53-4451-A53A-6573D8267A30}"
EndProject
Project("{8BC9CEB8-8B4A-11D0-8D11-00A0C91BC942}") = "TransposeMatrix", "TransposeMatrix\TransposeMatrix.vcxproj", "{E2B7EC53-F9A7-4E55-8464-A3CADDCD041B}"
EndProject
Project("{8BC9CEB8-8B4A-11D0-8D11-00A0C91BC942}") = "MultipleMatrix", "MultipleMatrix\MultipleMatrix.vcxproj", "{0B27C406-E1FC-41F4-BFB8-FD9F70A9CF85}"
EndProject
Project("{8BC9CEB8-8B4A-11D0-8D11-00A0C91BC942}") = "LinearSearch", "LinearSearch\LinearSearch.vcxproj", "{221045BD-A096-4DA3-95E5-3BF8C67A6225}"
EndProject
Project("{8BC9CEB8-8B4A-11D0-8D11-00A0C91BC942}") = "SequentialSearch", "SequentialSearch\SequentialSearch.vcxproj", "{F8DA65DB-4FE4-4BD9-AF5D-6BF4299005D6}"
EndProject
Project("{8BC9CEB8-8B4A-11D0-8D11-00A0C91BC942}") = "SORT", "SORT\SORT.vcxproj", "{A5C22A9B-1763-419F-AF03-4ADEB054B1BF}"
EndProject
Project("{8BC9CEB8-8B4A-11D0-8D11-00A0C91BC942}") = "BinarySearch", "BinarySearch\BinarySearch.vcxproj", "{A5586076-F27E-4908-9C2A-8193DF72F4FF}"
EndProject
Project("{8BC9CEB8-8B4A-11D0-8D11-00A0C91BC942}") = "BinarySearch_Recursion", "BinarySearch_Recursion\BinarySearch_Recursion.vcxproj", "{7AFFF350-1BA0-4493-8FE5-E651F3310579}"
EndProject
Project("{8BC9CEB8-8B4A-11D0-8D11-00A0C91BC942}") = "SubMatrix", "SubMatrix\SubMatrix.vcxproj", "{8E15DBE5-CE7D-4A22-827F-637271F81ABF}"
EndProject
Global
	GlobalSection(SolutionConfigurationPlatforms) = preSolution
		Debug|x64 = Debug|x64
		Debug|x86 = Debug|x86
		Release|x64 = Release|x64
		Release|x86 = Release|x86
	EndGlobalSection
	GlobalSection(ProjectConfigurationPlatforms) = postSolution
		{55511EE4-42D5-4FB6-ACB9-7200AFA6DB69}.Debug|x64.ActiveCfg = Debug|x64
		{55511EE4-42D5-4FB6-ACB9-7200AFA6DB69}.Debug|x64.Build.0 = Debug|x64
		{55511EE4-42D5-4FB6-ACB9-7200AFA6DB69}.Debug|x86.ActiveCfg = Debug|Win32
		{55511EE4-42D5-4FB6-ACB9-7200AFA6DB69}.Debug|x86.Build.0 = Debug|Win32
		{55511EE4-42D5-4FB6-ACB9-7200AFA6DB69}.Release|x64.ActiveCfg = Release|x64
		{55511EE4-42D5-4FB6-ACB9-7200AFA6DB69}.Release|x64.Build.0 = Release|x64
		{55511EE4-42D5-4FB6-ACB9-7200AFA6DB69}.Release|x86.ActiveCfg = Release|Win32
		{55511EE4-42D5-4FB6-ACB9-7200AFA6DB69}.Release|x86.Build.0 = Release|Win32
		{4284CDC4-C1C8-41CF-AD8B-881ACD352563}.Debug|x64.ActiveCfg = Debug|x64
		{4284CDC4-C1C8-41CF-AD8B-881ACD352563}.Debug|x64.Build.0 = Debug|x64
		{4284CDC4-C1C8-41CF-AD8B-881ACD352563}.Debug|x86.ActiveCfg = Debug|Win32
		{4284CDC4-C1C8-41CF-AD8B-881ACD352563}.Debug|x86.Build.0 = Debug|Win32
		{4284CDC4-C1C8-41CF-AD8B-881ACD352563}.Release|x64.ActiveCfg = Release|x64
		{4284CDC4-C1C8-41CF-AD8B-881ACD352563}.Release|x64.Build.0 = Release|x64
		{4284CDC4-C1C8-41CF-AD8B-881ACD352563}.Release|x86.ActiveCfg = Release|Win32
		{4284CDC4-C1C8-41CF-AD8B-881ACD352563}.Release|x86.Build.0 = Release|Win32
		{82FF86DA-9EDB-47C5-87E8-3C56E74161CB}.Debug|x64.ActiveCfg = Debug|x64
		{82FF86DA-9EDB-47C5-87E8-3C56E74161CB}.Debug|x64.Build.0 = Debug|x64
		{82FF86DA-9EDB-47C5-87E8-3C56E74161CB}.Debug|x86.ActiveCfg = Debug|Win32
		{82FF86DA-9EDB-47C5-87E8-3C56E74161CB}.Debug|x86.Build.0 = Debug|Win32
		{82FF86DA-9EDB-47C5-87E8-3C56E74161CB}.Release|x64.ActiveCfg = Release|x64
		{82FF86DA-9EDB-47C5-87E8-3C56E74161CB}.Release|x64.Build.0 = Release|x64
		{82FF86DA-9EDB-47C5-87E8-3C56E74161CB}.Release|x86.ActiveCfg = Release|Win32
		{82FF86DA-9EDB-47C5-87E8-3C56E74161CB}.Release|x86.Build.0 = Release|Win32
		{6825B8EB-B452-4487-8631-A87F5EC2EB72}.Debug|x64.ActiveCfg = Debug|x64
		{6825B8EB-B452-4487-8631-A87F5EC2EB72}.Debug|x64.Build.0 = Debug|x64
		{6825B8EB-B452-4487-8631-A87F5EC2EB72}.Debug|x86.ActiveCfg = Debug|Win32
		{6825B8EB-B452-4487-8631-A87F5EC2EB72}.Debug|x86.Build.0 = Debug|Win32
		{6825B8EB-B452-4487-8631-A87F5EC2EB72}.Release|x64.ActiveCfg = Release|x64
		{6825B8EB-B452-4487-8631-A87F5EC2EB72}.Release|x64.Build.0 = Release|x64
		{6825B8EB-B452-4487-8631-A87F5EC2EB72}.Release|x86.ActiveCfg = Release|Win32
		{6825B8EB-B452-4487-8631-A87F5EC2EB72}.Release|x86.Build.0 = Release|Win32
		{1DF04E3E-EB50-4851-85C7-28E6A7BBA226}.Debug|x64.ActiveCfg = Debug|x64
		{1DF04E3E-EB50-4851-85C7-28E6A7BBA226}.Debug|x64.Build.0 = Debug|x64
		{1DF04E3E-EB50-4851-85C7-28E6A7BBA226}.Debug|x86.ActiveCfg = Debug|Win32
		{1DF04E3E-EB50-4851-85C7-28E6A7BBA226}.Debug|x86.Build.0 = Debug|Win32
		{1DF04E3E-EB50-4851-85C7-28E6A7BBA226}.Release|x64.ActiveCfg = Release|x64
		{1DF04E3E-EB50-4851-85C7-28E6A7BBA226}.Release|x64.Build.0 = Release|x64
		{1DF04E3E-EB50-4851-85C7-28E6A7BBA226}.Release|x86.ActiveCfg = Release|Win32
		{1DF04E3E-EB50-4851-85C7-28E6A7BBA226}.Release|x86.Build.0 = Release|Win32
		{B139F261-64E8-4DF0-97A4-841708A12952}.Debug|x64.ActiveCfg = Debug|x64
		{B139F261-64E8-4DF0-97A4-841708A12952}.Debug|x64.Build.0 = Debug|x64
		{B139F261-64E8-4DF0-97A4-841708A12952}.Debug|x86.ActiveCfg = Debug|Win32
		{B139F261-64E8-4DF0-97A4-841708A12952}.Debug|x86.Build.0 = Debug|Win32
		{B139F261-64E8-4DF0-97A4-841708A12952}.Release|x64.ActiveCfg = Release|x64
		{B139F261-64E8-4DF0-97A4-841708A12952}.Release|x64.Build.0 = Release|x64
		{B139F261-64E8-4DF0-97A4-841708A12952}.Release|x86.ActiveCfg = Release|Win32
		{B139F261-64E8-4DF0-97A4-841708A12952}.Release|x86.Build.0 = Release|Win32
		{A4E243E6-A26B-4AFB-B03F-499C0803017B}.Debug|x64.ActiveCfg = Debug|x64
		{A4E243E6-A26B-4AFB-B03F-499C0803017B}.Debug|x64.Build.0 = Debug|x64
		{A4E243E6-A26B-4AFB-B03F-499C0803017B}.Debug|x86.ActiveCfg = Debug|Win32
		{A4E243E6-A26B-4AFB-B03F-499C0803017B}.Debug|x86.Build.0 = Debug|Win32
		{A4E243E6-A26B-4AFB-B03F-499C0803017B}.Release|x64.ActiveCfg = Release|x64
		{A4E243E6-A26B-4AFB-B03F-499C0803017B}.Release|x64.Build.0 = Release|x64
		{A4E243E6-A26B-4AFB-B03F-499C0803017B}.Release|x86.ActiveCfg = Release|Win32
		{A4E243E6-A26B-4AFB-B03F-499C0803017B}.Release|x86.Build.0 = Release|Win32
		{1FE800E8-36A2-41AA-8342-975F36B94A41}.Debug|x64.ActiveCfg = Debug|x64
		{1FE800E8-36A2-41AA-8342-975F36B94A41}.Debug|x64.Build.0 = Debug|x64
		{1FE800E8-36A2-41AA-8342-975F36B94A41}.Debug|x86.ActiveCfg = Debug|Win32
		{1FE800E8-36A2-41AA-8342-975F36B94A41}.Debug|x86.Build.0 = Debug|Win32
		{1FE800E8-36A2-41AA-8342-975F36B94A41}.Release|x64.ActiveCfg = Release|x64
		{1FE800E8-36A2-41AA-8342-975F36B94A41}.Release|x64.Build.0 = Release|x64
		{1FE800E8-36A2-41AA-8342-975F36B94A41}.Release|x86.ActiveCfg = Release|Win32
		{1FE800E8-36A2-41AA-8342-975F36B94A41}.Release|x86.Build.0 = Release|Win32
		{1654F238-F85C-44BA-BF27-D90FD56DDAB0}.Debug|x64.ActiveCfg = Debug|x64
		{1654F238-F85C-44BA-BF27-D90FD56DDAB0}.Debug|x64.Build.0 = Debug|x64
		{1654F238-F85C-44BA-BF27-D90FD56DDAB0}.Debug|x86.ActiveCfg = Debug|Win32
		{1654F238-F85C-44BA-BF27-D90FD56DDAB0}.Debug|x86.Build.0 = Debug|Win32
		{1654F238-F85C-44BA-BF27-D90FD56DDAB0}.Release|x64.ActiveCfg = Release|x64
		{1654F238-F85C-44BA-BF27-D90FD56DDAB0}.Release|x64.Build.0 = Release|x64
		{1654F238-F85C-44BA-BF27-D90FD56DDAB0}.Release|x86.ActiveCfg = Release|Win32
		{1654F238-F85C-44BA-BF27-D90FD56DDAB0}.Release|x86.Build.0 = Release|Win32
		{E19C2A1E-FCD1-4411-8F1D-C842304C6420}.Debug|x64.ActiveCfg = Debug|x64
		{E19C2A1E-FCD1-4411-8F1D-C842304C6420}.Debug|x64.Build.0 = Debug|x64
		{E19C2A1E-FCD1-4411-8F1D-C842304C6420}.Debug|x86.ActiveCfg = Debug|Win32
		{E19C2A1E-FCD1-4411-8F1D-C842304C6420}.Debug|x86.Build.0 = Debug|Win32
		{E19C2A1E-FCD1-4411-8F1D-C842304C6420}.Release|x64.ActiveCfg = Release|x64
		{E19C2A1E-FCD1-4411-8F1D-C842304C6420}.Release|x64.Build.0 = Release|x64
		{E19C2A1E-FCD1-4411-8F1D-C842304C6420}.Release|x86.ActiveCfg = Release|Win32
		{E19C2A1E-FCD1-4411-8F1D-C842304C6420}.Release|x86.Build.0 = Release|Win32
		{B1790583-4F53-4451-A53A-6573D8267A30}.Debug|x64.ActiveCfg = Debug|x64
		{B1790583-4F53-4451-A53A-6573D8267A30}.Debug|x64.Build.0 = Debug|x64
		{B1790583-4F53-4451-A53A-6573D8267A30}.Debug|x86.ActiveCfg = Debug|Win32
		{B1790583-4F53-4451-A53A-6573D8267A30}.Debug|x86.Build.0 = Debug|Win32
		{B1790583-4F53-4451-A53A-6573D8267A30}.Release|x64.ActiveCfg = Release|x64
		{B1790583-4F53-4451-A53A-6573D8267A30}.Release|x64.Build.0 = Release|x64
		{B1790583-4F53-4451-A53A-6573D8267A30}.Release|x86.ActiveCfg = Release|Win32
		{B1790583-4F53-4451-A53A-6573D8267A30}.Release|x86.Build.0 = Release|Win32
		{E2B7EC53-F9A7-4E55-8464-A3CADDCD041B}.Debug|x64.ActiveCfg = Debug|x64
		{E2B7EC53-F9A7-4E55-8464-A3CADDCD041B}.Debug|x64.Build.0 = Debug|x64
		{E2B7EC53-F9A7-4E55-8464-A3CADDCD041B}.Debug|x86.ActiveCfg = Debug|Win32
		{E2B7EC53-F9A7-4E55-8464-A3CADDCD041B}.Debug|x86.Build.0 = Debug|Win32
		{E2B7EC53-F9A7-4E55-8464-A3CADDCD041B}.Release|x64.ActiveCfg = Release|x64
		{E2B7EC53-F9A7-4E55-8464-A3CADDCD041B}.Release|x64.Build.0 = Release|x64
		{E2B7EC53-F9A7-4E55-8464-A3CADDCD041B}.Release|x86.ActiveCfg = Release|Win32
		{E2B7EC53-F9A7-4E55-8464-A3CADDCD041B}.Release|x86.Build.0 = Release|Win32
		{0B27C406-E1FC-41F4-BFB8-FD9F70A9CF85}.Debug|x64.ActiveCfg = Debug|x64
		{0B27C406-E1FC-41F4-BFB8-FD9F70A9CF85}.Debug|x64.Build.0 = Debug|x64
		{0B27C406-E1FC-41F4-BFB8-FD9F70A9CF85}.Debug|x86.ActiveCfg = Debug|Win32
		{0B27C406-E1FC-41F4-BFB8-FD9F70A9CF85}.Debug|x86.Build.0 = Debug|Win32
		{0B27C406-E1FC-41F4-BFB8-FD9F70A9CF85}.Release|x64.ActiveCfg = Release|x64
		{0B27C406-E1FC-41F4-BFB8-FD9F70A9CF85}.Release|x64.Build.0 = Release|x64
		{0B27C406-E1FC-41F4-BFB8-FD9F70A9CF85}.Release|x86.ActiveCfg = Release|Win32
		{0B27C406-E1FC-41F4-BFB8-FD9F70A9CF85}.Release|x86.Build.0 = Release|Win32
		{221045BD-A096-4DA3-95E5-3BF8C67A6225}.Debug|x64.ActiveCfg = Debug|x64
		{221045BD-A096-4DA3-95E5-3BF8C67A6225}.Debug|x64.Build.0 = Debug|x64
		{221045BD-A096-4DA3-95E5-3BF8C67A6225}.Debug|x86.ActiveCfg = Debug|Win32
		{221045BD-A096-4DA3-95E5-3BF8C67A6225}.Debug|x86.Build.0 = Debug|Win32
		{221045BD-A096-4DA3-95E5-3BF8C67A6225}.Release|x64.ActiveCfg = Release|x64
		{221045BD-A096-4DA3-95E5-3BF8C67A6225}.Release|x64.Build.0 = Release|x64
		{221045BD-A096-4DA3-95E5-3BF8C67A6225}.Release|x86.ActiveCfg = Release|Win32
		{221045BD-A096-4DA3-95E5-3BF8C67A6225}.Release|x86.Build.0 = Release|Win32
		{F8DA65DB-4FE4-4BD9-AF5D-6BF4299005D6}.Debug|x64.ActiveCfg = Debug|x64
		{F8DA65DB-4FE4-4BD9-AF5D-6BF4299005D6}.Debug|x64.Build.0 = Debug|x64
		{F8DA65DB-4FE4-4BD9-AF5D-6BF4299005D6}.Debug|x86.ActiveCfg = Debug|Win32
		{F8DA65DB-4FE4-4BD9-AF5D-6BF4299005D6}.Debug|x86.Build.0 = Debug|Win32
		{F8DA65DB-4FE4-4BD9-AF5D-6BF4299005D6}.Release|x64.ActiveCfg = Release|x64
		{F8DA65DB-4FE4-4BD9-AF5D-6BF4299005D6}.Release|x64.Build.0 = Release|x64
		{F8DA65DB-4FE4-4BD9-AF5D-6BF4299005D6}.Release|x86.ActiveCfg = Release|Win32
		{F8DA65DB-4FE4-4BD9-AF5D-6BF4299005D6}.Release|x86.Build.0 = Release|Win32
		{A5C22A9B-1763-419F-AF03-4ADEB054B1BF}.Debug|x64.ActiveCfg = Debug|x64
		{A5C22A9B-1763-419F-AF03-4ADEB054B1BF}.Debug|x64.Build.0 = Debug|x64
		{A5C22A9B-1763-419F-AF03-4ADEB054B1BF}.Debug|x86.ActiveCfg = Debug|Win32
		{A5C22A9B-1763-419F-AF03-4ADEB054B1BF}.Debug|x86.Build.0 = Debug|Win32
		{A5C22A9B-1763-419F-AF03-4ADEB054B1BF}.Release|x64.ActiveCfg = Release|x64
		{A5C22A9B-1763-419F-AF03-4ADEB054B1BF}.Release|x64.Build.0 = Release|x64
		{A5C22A9B-1763-419F-AF03-4ADEB054B1BF}.Release|x86.ActiveCfg = Release|Win32
		{A5C22A9B-1763-419F-AF03-4ADEB054B1BF}.Release|x86.Build.0 = Release|Win32
		{A5586076-F27E-4908-9C2A-8193DF72F4FF}.Debug|x64.ActiveCfg = Debug|x64
		{A5586076-F27E-4908-9C2A-8193DF72F4FF}.Debug|x64.Build.0 = Debug|x64
		{A5586076-F27E-4908-9C2A-8193DF72F4FF}.Debug|x86.ActiveCfg = Debug|Win32
		{A5586076-F27E-4908-9C2A-8193DF72F4FF}.Debug|x86.Build.0 = Debug|Win32
		{A5586076-F27E-4908-9C2A-8193DF72F4FF}.Release|x64.ActiveCfg = Release|x64
		{A5586076-F27E-4908-9C2A-8193DF72F4FF}.Release|x64.Build.0 = Release|x64
		{A5586076-F27E-4908-9C2A-8193DF72F4FF}.Release|x86.ActiveCfg = Release|Win32
		{A5586076-F27E-4908-9C2A-8193DF72F4FF}.Release|x86.Build.0 = Release|Win32
		{7AFFF350-1BA0-4493-8FE5-E651F3310579}.Debug|x64.ActiveCfg = Debug|x64
		{7AFFF350-1BA0-4493-8FE5-E651F3310579}.Debug|x64.Build.0 = Debug|x64
		{7AFFF350-1BA0-4493-8FE5-E651F3310579}.Debug|x86.ActiveCfg = Debug|Win32
		{7AFFF350-1BA0-4493-8FE5-E651F3310579}.Debug|x86.Build.0 = Debug|Win32
		{7AFFF350-1BA0-4493-8FE5-E651F3310579}.Release|x64.ActiveCfg = Release|x64
		{7AFFF350-1BA0-4493-8FE5-E651F3310579}.Release|x64.Build.0 = Release|x64
		{7AFFF350-1BA0-4493-8FE5-E651F3310579}.Release|x86.ActiveCfg = Release|Win32
		{7AFFF350-1BA0-4493-8FE5-E651F3310579}.Release|x86.Build.0 = Release|Win32
		{8E15DBE5-CE7D-4A22-827F-637271F81ABF}.Debug|x64.ActiveCfg = Debug|x64
		{8E15DBE5-CE7D-4A22-827F-637271F81ABF}.Debug|x64.Build.0 = Debug|x64
		{8E15DBE5-CE7D-4A22-827F-637271F81ABF}.Debug|x86.ActiveCfg = Debug|Win32
		{8E15DBE5-CE7D-4A22-827F-637271F81ABF}.Debug|x86.Build.0 = Debug|Win32
		{8E15DBE5-CE7D-4A22-827F-637271F81ABF}.Release|x64.ActiveCfg = Release|x64
		{8E15DBE5-CE7D-4A22-827F-637271F81ABF}.Release|x64.Build.0 = Release|x64
		{8E15DBE5-CE7D-4A22-827F-637271F81ABF}.Release|x86.ActiveCfg = Release|Win32
		{8E15DBE5-CE7D-4A22-827F-637271F81ABF}.Release|x86.Build.0 = Release|Win32
	EndGlobalSection
	GlobalSection(SolutionProperties) = preSolution
		HideSolutionNode = FALSE
	EndGlobalSection
	GlobalSection(ExtensibilityGlobals) = postSolution
		SolutionGuid = {057CB9E5-3667-4661-A822-64CC0A2CCB66}
	EndGlobalSection
EndGlobal
